
Microsoft Visual Studio Solution File, Format Version 12.00
# Visual Studio 2012
Project("{FAE04EC0-301F-11D3-BF4B-00C04F79EFBC}") = "CatPiano", "CatPiano\CatPiano.csproj", "{F51B25D5-A384-4B3A-ACDD-E3DB2EFEECD1}"
EndProject
Global
	GlobalSection(SolutionConfigurationPlatforms) = preSolution
		Debug|Any CPU = Debug|Any CPU
		Release|Any CPU = Release|Any CPU
	EndGlobalSection
	GlobalSection(ProjectConfigurationPlatforms) = postSolution
		{F51B25D5-A384-4B3A-ACDD-E3DB2EFEECD1}.Debug|Any CPU.ActiveCfg = Debug|Any CPU
		{F51B25D5-A384-4B3A-ACDD-E3DB2EFEECD1}.Debug|Any CPU.Build.0 = Debug|Any CPU
		{F51B25D5-A384-4B3A-ACDD-E3DB2EFEECD1}.Release|Any CPU.ActiveCfg = Release|Any CPU
		{F51B25D5-A384-4B3A-ACDD-E3DB2EFEECD1}.Release|Any CPU.Build.0 = Release|Any CPU
	EndGlobalSection
EndGlobal
